
Microsoft Visual Studio Solution File, Format Version 12.00
# Visual Studio Version 17
VisualStudioVersion = 17.9.34728.123
MinimumVisualStudioVersion = 10.0.40219.1
Project("{FAE04EC0-301F-11D3-BF4B-00C04F79EFBC}") = "TopazFormTrack", "TopazFormTrack.csproj", "{410DDD5D-16B1-49F1-B71A-C9394546DCF7}"
EndProject
Global
	GlobalSection(SolutionConfigurationPlatforms) = preSolution
		Debug|Any CPU = Debug|Any CPU
		Release|Any CPU = Release|Any CPU
	EndGlobalSection
	GlobalSection(ProjectConfigurationPlatforms) = postSolution
		{410DDD5D-16B1-49F1-B71A-C9394546DCF7}.Debug|Any CPU.ActiveCfg = Debug|Any CPU
		{410DDD5D-16B1-49F1-B71A-C9394546DCF7}.Debug|Any CPU.Build.0 = Debug|Any CPU
		{410DDD5D-16B1-49F1-B71A-C9394546DCF7}.Release|Any CPU.ActiveCfg = Release|Any CPU
		{410DDD5D-16B1-49F1-B71A-C9394546DCF7}.Release|Any CPU.Build.0 = Release|Any CPU
	EndGlobalSection
	GlobalSection(SolutionProperties) = preSolution
		HideSolutionNode = FALSE
	EndGlobalSection
	GlobalSection(ExtensibilityGlobals) = postSolution
		SolutionGuid = {F9015D96-DEE4-46E6-8707-B04572AA7B4F}
	EndGlobalSection
EndGlobal
